// !$*UTF8*$!
{
	archiveVersion = 1;
	classes = {
	};
	objectVersion = 51;
	objects = {

/* Begin PBXBuildFile section */
		5215762D212320F300C21B0C /* LogsStatsController.swift in Sources */ = {isa = PBXBuildFile; fileRef = 5215762C212320F300C21B0C /* LogsStatsController.swift */; };
		5215762F2125B59400C21B0C /* FilesController.swift in Sources */ = {isa = PBXBuildFile; fileRef = 5215762E2125B59400C21B0C /* FilesController.swift */; };
		521576312126CC8F00C21B0C /* FileUploadViewController.swift in Sources */ = {isa = PBXBuildFile; fileRef = 521576302126CC8F00C21B0C /* FileUploadViewController.swift */; };
		521576332126FFBE00C21B0C /* FileDownloadViewController.swift in Sources */ = {isa = PBXBuildFile; fileRef = 521576322126FFBE00C21B0C /* FileDownloadViewController.swift */; };
		523C05B32423DA3C0007E563 /* RootViewController.swift in Sources */ = {isa = PBXBuildFile; fileRef = 523C05B22423DA3C0007E563 /* RootViewController.swift */; };
		5246368A2108DE77008B3D5B /* ScannerTableViewCell.swift in Sources */ = {isa = PBXBuildFile; fileRef = 524636892108DE77008B3D5B /* ScannerTableViewCell.swift */; };
		5246368E2108DF23008B3D5B /* DiscoveredPeripheral.swift in Sources */ = {isa = PBXBuildFile; fileRef = 5246368D2108DF23008B3D5B /* DiscoveredPeripheral.swift */; };
		524636962109D0D7008B3D5B /* ScannerFilterViewController.swift in Sources */ = {isa = PBXBuildFile; fileRef = 524636952109D0D7008B3D5B /* ScannerFilterViewController.swift */; };
		524DCFD0210B0EB6000E110D /* BaseViewController.swift in Sources */ = {isa = PBXBuildFile; fileRef = 524DCFCF210B0EB6000E110D /* BaseViewController.swift */; };
		524DCFD4210B1C17000E110D /* DeviceController.swift in Sources */ = {isa = PBXBuildFile; fileRef = 524DCFD3210B1C17000E110D /* DeviceController.swift */; };
		524DCFD6210B21D6000E110D /* ConnectionStateLabel.swift in Sources */ = {isa = PBXBuildFile; fileRef = 524DCFD5210B21D6000E110D /* ConnectionStateLabel.swift */; };
		524DCFD9210B4241000E110D /* UIColor.swift in Sources */ = {isa = PBXBuildFile; fileRef = 524DCFD8210B4241000E110D /* UIColor.swift */; };
		526270A4210B8E8000FC17D4 /* ImageController.swift in Sources */ = {isa = PBXBuildFile; fileRef = 526270A3210B8E8000FC17D4 /* ImageController.swift */; };
		5264C1D6210E26C20044FBBA /* FirmwareUpgradeViewController.swift in Sources */ = {isa = PBXBuildFile; fileRef = 5264C1D5210E26C20044FBBA /* FirmwareUpgradeViewController.swift */; };
		5264C1D8210F32A60044FBBA /* FirmwareUploadViewController.swift in Sources */ = {isa = PBXBuildFile; fileRef = 5264C1D7210F32A60044FBBA /* FirmwareUploadViewController.swift */; };
		5264C1DA210F43B40044FBBA /* ResetViewController.swift in Sources */ = {isa = PBXBuildFile; fileRef = 5264C1D9210F43B40044FBBA /* ResetViewController.swift */; };
		5264C1DC210F63850044FBBA /* ImagesViewController.swift in Sources */ = {isa = PBXBuildFile; fileRef = 5264C1DB210F63850044FBBA /* ImagesViewController.swift */; };
		5264C1DE210F640F0044FBBA /* McuMgrViewController.swift in Sources */ = {isa = PBXBuildFile; fileRef = 5264C1DD210F640F0044FBBA /* McuMgrViewController.swift */; };
		5266273724ACA7F4008F528C /* IntroViewController.swift in Sources */ = {isa = PBXBuildFile; fileRef = 5266273624ACA7F4008F528C /* IntroViewController.swift */; };
		5266273824ACA883008F528C /* NordicButton.swift in Sources */ = {isa = PBXBuildFile; fileRef = 5266273524ACA7A1008F528C /* NordicButton.swift */; };
		5274C2622796CEC40043D7CA /* SettingsViewController.swift in Sources */ = {isa = PBXBuildFile; fileRef = 5274C2612796CEC40043D7CA /* SettingsViewController.swift */; };
		AA02AA5A2796E57E003040D5 /* McuMgrPackage.swift in Sources */ = {isa = PBXBuildFile; fileRef = AA02AA592796E57E003040D5 /* McuMgrPackage.swift */; };
		AA02AA5C2796E67E003040D5 /* UTI.swift in Sources */ = {isa = PBXBuildFile; fileRef = AA02AA5B2796E67E003040D5 /* UTI.swift */; };
		BD5A285820CB44AF0061F0EE /* AppDelegate.swift in Sources */ = {isa = PBXBuildFile; fileRef = BD5A285720CB44AF0061F0EE /* AppDelegate.swift */; };
		BD5A285A20CB44AF0061F0EE /* ScannerViewController.swift in Sources */ = {isa = PBXBuildFile; fileRef = BD5A285920CB44AF0061F0EE /* ScannerViewController.swift */; };
		BD5A285D20CB44AF0061F0EE /* Main.storyboard in Resources */ = {isa = PBXBuildFile; fileRef = BD5A285B20CB44AF0061F0EE /* Main.storyboard */; };
		BD5A285F20CB44B00061F0EE /* Assets.xcassets in Resources */ = {isa = PBXBuildFile; fileRef = BD5A285E20CB44B00061F0EE /* Assets.xcassets */; };
		BD5A286220CB44B00061F0EE /* LaunchScreen.storyboard in Resources */ = {isa = PBXBuildFile; fileRef = BD5A286020CB44B00061F0EE /* LaunchScreen.storyboard */; };
		E7F00904AD78FC61457F0B06 /* Pods_nRF_Connect_Device_Manager.framework in Frameworks */ = {isa = PBXBuildFile; fileRef = C75D2DC863EB4235DE2F466B /* Pods_nRF_Connect_Device_Manager.framework */; };
/* End PBXBuildFile section */

/* Begin PBXFileReference section */
		5215762C212320F300C21B0C /* LogsStatsController.swift */ = {isa = PBXFileReference; lastKnownFileType = sourcecode.swift; path = LogsStatsController.swift; sourceTree = "<group>"; };
		5215762E2125B59400C21B0C /* FilesController.swift */ = {isa = PBXFileReference; lastKnownFileType = sourcecode.swift; path = FilesController.swift; sourceTree = "<group>"; };
		521576302126CC8F00C21B0C /* FileUploadViewController.swift */ = {isa = PBXFileReference; lastKnownFileType = sourcecode.swift; path = FileUploadViewController.swift; sourceTree = "<group>"; };
		521576322126FFBE00C21B0C /* FileDownloadViewController.swift */ = {isa = PBXFileReference; lastKnownFileType = sourcecode.swift; path = FileDownloadViewController.swift; sourceTree = "<group>"; };
		523C05B22423DA3C0007E563 /* RootViewController.swift */ = {isa = PBXFileReference; lastKnownFileType = sourcecode.swift; path = RootViewController.swift; sourceTree = "<group>"; };
		524636892108DE77008B3D5B /* ScannerTableViewCell.swift */ = {isa = PBXFileReference; lastKnownFileType = sourcecode.swift; path = ScannerTableViewCell.swift; sourceTree = "<group>"; };
		5246368D2108DF23008B3D5B /* DiscoveredPeripheral.swift */ = {isa = PBXFileReference; lastKnownFileType = sourcecode.swift; path = DiscoveredPeripheral.swift; sourceTree = "<group>"; };
		524636952109D0D7008B3D5B /* ScannerFilterViewController.swift */ = {isa = PBXFileReference; lastKnownFileType = sourcecode.swift; path = ScannerFilterViewController.swift; sourceTree = "<group>"; };
		524DCFCF210B0EB6000E110D /* BaseViewController.swift */ = {isa = PBXFileReference; lastKnownFileType = sourcecode.swift; path = BaseViewController.swift; sourceTree = "<group>"; };
		524DCFD3210B1C17000E110D /* DeviceController.swift */ = {isa = PBXFileReference; lastKnownFileType = sourcecode.swift; path = DeviceController.swift; sourceTree = "<group>"; };
		524DCFD5210B21D6000E110D /* ConnectionStateLabel.swift */ = {isa = PBXFileReference; lastKnownFileType = sourcecode.swift; path = ConnectionStateLabel.swift; sourceTree = "<group>"; };
		524DCFD8210B4241000E110D /* UIColor.swift */ = {isa = PBXFileReference; lastKnownFileType = sourcecode.swift; path = UIColor.swift; sourceTree = "<group>"; };
		526270A3210B8E8000FC17D4 /* ImageController.swift */ = {isa = PBXFileReference; lastKnownFileType = sourcecode.swift; path = ImageController.swift; sourceTree = "<group>"; };
		5264C1D5210E26C20044FBBA /* FirmwareUpgradeViewController.swift */ = {isa = PBXFileReference; lastKnownFileType = sourcecode.swift; path = FirmwareUpgradeViewController.swift; sourceTree = "<group>"; };
		5264C1D7210F32A60044FBBA /* FirmwareUploadViewController.swift */ = {isa = PBXFileReference; lastKnownFileType = sourcecode.swift; path = FirmwareUploadViewController.swift; sourceTree = "<group>"; };
		5264C1D9210F43B40044FBBA /* ResetViewController.swift */ = {isa = PBXFileReference; lastKnownFileType = sourcecode.swift; path = ResetViewController.swift; sourceTree = "<group>"; };
		5264C1DB210F63850044FBBA /* ImagesViewController.swift */ = {isa = PBXFileReference; lastKnownFileType = sourcecode.swift; name = ImagesViewController.swift; path = Widgets/ImagesViewController.swift; sourceTree = "<group>"; };
		5264C1DD210F640F0044FBBA /* McuMgrViewController.swift */ = {isa = PBXFileReference; lastKnownFileType = sourcecode.swift; path = McuMgrViewController.swift; sourceTree = "<group>"; };
		5266273524ACA7A1008F528C /* NordicButton.swift */ = {isa = PBXFileReference; lastKnownFileType = sourcecode.swift; path = NordicButton.swift; sourceTree = "<group>"; };
		5266273624ACA7F4008F528C /* IntroViewController.swift */ = {isa = PBXFileReference; lastKnownFileType = sourcecode.swift; path = IntroViewController.swift; sourceTree = "<group>"; };
		5274C2612796CEC40043D7CA /* SettingsViewController.swift */ = {isa = PBXFileReference; lastKnownFileType = sourcecode.swift; path = SettingsViewController.swift; sourceTree = "<group>"; };
		8CC828C02D6175238385D59A /* Pods-nRF Connect Device Manager.release.xcconfig */ = {isa = PBXFileReference; includeInIndex = 1; lastKnownFileType = text.xcconfig; name = "Pods-nRF Connect Device Manager.release.xcconfig"; path = "Target Support Files/Pods-nRF Connect Device Manager/Pods-nRF Connect Device Manager.release.xcconfig"; sourceTree = "<group>"; };
		AA02AA592796E57E003040D5 /* McuMgrPackage.swift */ = {isa = PBXFileReference; lastKnownFileType = sourcecode.swift; path = McuMgrPackage.swift; sourceTree = "<group>"; };
		AA02AA5B2796E67E003040D5 /* UTI.swift */ = {isa = PBXFileReference; lastKnownFileType = sourcecode.swift; path = UTI.swift; sourceTree = "<group>"; };
		BD54DE5320CEE16F0023F980 /* Example.entitlements */ = {isa = PBXFileReference; lastKnownFileType = text.plist.entitlements; path = Example.entitlements; sourceTree = "<group>"; };
		BD5A285420CB44AF0061F0EE /* Device Manager.app */ = {isa = PBXFileReference; explicitFileType = wrapper.application; includeInIndex = 0; path = "Device Manager.app"; sourceTree = BUILT_PRODUCTS_DIR; };
		BD5A285720CB44AF0061F0EE /* AppDelegate.swift */ = {isa = PBXFileReference; lastKnownFileType = sourcecode.swift; path = AppDelegate.swift; sourceTree = "<group>"; };
		BD5A285920CB44AF0061F0EE /* ScannerViewController.swift */ = {isa = PBXFileReference; lastKnownFileType = sourcecode.swift; path = ScannerViewController.swift; sourceTree = "<group>"; };
		BD5A285C20CB44AF0061F0EE /* Base */ = {isa = PBXFileReference; lastKnownFileType = file.storyboard; name = Base; path = Base.lproj/Main.storyboard; sourceTree = "<group>"; };
		BD5A285E20CB44B00061F0EE /* Assets.xcassets */ = {isa = PBXFileReference; lastKnownFileType = folder.assetcatalog; path = Assets.xcassets; sourceTree = "<group>"; };
		BD5A286120CB44B00061F0EE /* Base */ = {isa = PBXFileReference; lastKnownFileType = file.storyboard; name = Base; path = Base.lproj/LaunchScreen.storyboard; sourceTree = "<group>"; };
		BD5A286320CB44B00061F0EE /* Info.plist */ = {isa = PBXFileReference; lastKnownFileType = text.plist.xml; path = Info.plist; sourceTree = "<group>"; };
		C75D2DC863EB4235DE2F466B /* Pods_nRF_Connect_Device_Manager.framework */ = {isa = PBXFileReference; explicitFileType = wrapper.framework; includeInIndex = 0; path = Pods_nRF_Connect_Device_Manager.framework; sourceTree = BUILT_PRODUCTS_DIR; };
		E9EB68FC3504F79AE1891044 /* Pods-nRF Connect Device Manager.debug.xcconfig */ = {isa = PBXFileReference; includeInIndex = 1; lastKnownFileType = text.xcconfig; name = "Pods-nRF Connect Device Manager.debug.xcconfig"; path = "Target Support Files/Pods-nRF Connect Device Manager/Pods-nRF Connect Device Manager.debug.xcconfig"; sourceTree = "<group>"; };
/* End PBXFileReference section */

/* Begin PBXFrameworksBuildPhase section */
		BD5A285120CB44AF0061F0EE /* Frameworks */ = {
			isa = PBXFrameworksBuildPhase;
			buildActionMask = 2147483647;
			files = (
				E7F00904AD78FC61457F0B06 /* Pods_nRF_Connect_Device_Manager.framework in Frameworks */,
			);
			runOnlyForDeploymentPostprocessing = 0;
		};
/* End PBXFrameworksBuildPhase section */

/* Begin PBXGroup section */
		524636882108DCF1008B3D5B /* View Controllers */ = {
			isa = PBXGroup;
			children = (
				523C05B22423DA3C0007E563 /* RootViewController.swift */,
				5266273424ACA79C008F528C /* Intro */,
				524DCFCD210B0E50000E110D /* Scanner */,
				524DCFCE210B0E6E000E110D /* Manager */,
			);
			path = "View Controllers";
			sourceTree = "<group>";
		};
		5246368C2108DEFC008B3D5B /* Model */ = {
			isa = PBXGroup;
			children = (
				5246368D2108DF23008B3D5B /* DiscoveredPeripheral.swift */,
			);
			path = Model;
			sourceTree = "<group>";
		};
		524DCFCD210B0E50000E110D /* Scanner */ = {
			isa = PBXGroup;
			children = (
				BD5A285920CB44AF0061F0EE /* ScannerViewController.swift */,
				524636892108DE77008B3D5B /* ScannerTableViewCell.swift */,
				524636952109D0D7008B3D5B /* ScannerFilterViewController.swift */,
			);
			path = Scanner;
			sourceTree = "<group>";
		};
		524DCFCE210B0E6E000E110D /* Manager */ = {
			isa = PBXGroup;
			children = (
				526270A2210B8E5E00FC17D4 /* Widgets */,
				524DCFCF210B0EB6000E110D /* BaseViewController.swift */,
				524DCFD3210B1C17000E110D /* DeviceController.swift */,
				526270A3210B8E8000FC17D4 /* ImageController.swift */,
				5215762E2125B59400C21B0C /* FilesController.swift */,
				5215762C212320F300C21B0C /* LogsStatsController.swift */,
				5264C1D5210E26C20044FBBA /* FirmwareUpgradeViewController.swift */,
				5264C1D7210F32A60044FBBA /* FirmwareUploadViewController.swift */,
				5264C1DB210F63850044FBBA /* ImagesViewController.swift */,
				5274C2612796CEC40043D7CA /* SettingsViewController.swift */,
				5264C1D9210F43B40044FBBA /* ResetViewController.swift */,
				521576302126CC8F00C21B0C /* FileUploadViewController.swift */,
				521576322126FFBE00C21B0C /* FileDownloadViewController.swift */,
			);
			path = Manager;
			sourceTree = "<group>";
		};
		524DCFD7210B421E000E110D /* Util */ = {
			isa = PBXGroup;
			children = (
				524DCFD8210B4241000E110D /* UIColor.swift */,
				AA02AA5B2796E67E003040D5 /* UTI.swift */,
				AA02AA592796E57E003040D5 /* McuMgrPackage.swift */,
			);
			path = Util;
			sourceTree = "<group>";
		};
		526270A2210B8E5E00FC17D4 /* Widgets */ = {
			isa = PBXGroup;
			children = (
				524DCFD5210B21D6000E110D /* ConnectionStateLabel.swift */,
				5264C1DD210F640F0044FBBA /* McuMgrViewController.swift */,
			);
			path = Widgets;
			sourceTree = "<group>";
		};
		5266273424ACA79C008F528C /* Intro */ = {
			isa = PBXGroup;
			children = (
				5266273524ACA7A1008F528C /* NordicButton.swift */,
				5266273624ACA7F4008F528C /* IntroViewController.swift */,
			);
			path = Intro;
			sourceTree = "<group>";
		};
		88D1650A81810D1E28E8B08B /* Frameworks */ = {
			isa = PBXGroup;
			children = (
				C75D2DC863EB4235DE2F466B /* Pods_nRF_Connect_Device_Manager.framework */,
			);
			name = Frameworks;
			sourceTree = "<group>";
		};
		BD5A284B20CB44AF0061F0EE = {
			isa = PBXGroup;
			children = (
				BD5A285620CB44AF0061F0EE /* Example */,
				BD5A285520CB44AF0061F0EE /* Products */,
				C8D042FE3DAC39D53B874632 /* Pods */,
				88D1650A81810D1E28E8B08B /* Frameworks */,
			);
			sourceTree = "<group>";
		};
		BD5A285520CB44AF0061F0EE /* Products */ = {
			isa = PBXGroup;
			children = (
				BD5A285420CB44AF0061F0EE /* Device Manager.app */,
			);
			name = Products;
			sourceTree = "<group>";
		};
		BD5A285620CB44AF0061F0EE /* Example */ = {
			isa = PBXGroup;
			children = (
				BD54DE5320CEE16F0023F980 /* Example.entitlements */,
				5246368C2108DEFC008B3D5B /* Model */,
				524636882108DCF1008B3D5B /* View Controllers */,
				524DCFD7210B421E000E110D /* Util */,
				BD5A285720CB44AF0061F0EE /* AppDelegate.swift */,
				BD5A285B20CB44AF0061F0EE /* Main.storyboard */,
				BD5A286020CB44B00061F0EE /* LaunchScreen.storyboard */,
				BD5A285E20CB44B00061F0EE /* Assets.xcassets */,
				BD5A286320CB44B00061F0EE /* Info.plist */,
			);
			path = Example;
			sourceTree = "<group>";
		};
		C8D042FE3DAC39D53B874632 /* Pods */ = {
			isa = PBXGroup;
			children = (
				E9EB68FC3504F79AE1891044 /* Pods-nRF Connect Device Manager.debug.xcconfig */,
				8CC828C02D6175238385D59A /* Pods-nRF Connect Device Manager.release.xcconfig */,
			);
			path = Pods;
			sourceTree = "<group>";
		};
/* End PBXGroup section */

/* Begin PBXNativeTarget section */
		BD5A285320CB44AF0061F0EE /* nRF Connect Device Manager */ = {
			isa = PBXNativeTarget;
			buildConfigurationList = BD5A286620CB44B00061F0EE /* Build configuration list for PBXNativeTarget "nRF Connect Device Manager" */;
			buildPhases = (
				65DB792ED924689A6456EECC /* [CP] Check Pods Manifest.lock */,
				BD5A285020CB44AF0061F0EE /* Sources */,
				BD5A285120CB44AF0061F0EE /* Frameworks */,
				BD5A285220CB44AF0061F0EE /* Resources */,
				AA1FA7F62816B127004D8497 /* ShellScript */,
				E0CEE0D742922CA92222028F /* [CP] Embed Pods Frameworks */,
			);
			buildRules = (
			);
			dependencies = (
			);
			name = "nRF Connect Device Manager";
			productName = Example;
			productReference = BD5A285420CB44AF0061F0EE /* Device Manager.app */;
			productType = "com.apple.product-type.application";
		};
/* End PBXNativeTarget section */

/* Begin PBXProject section */
		BD5A284C20CB44AF0061F0EE /* Project object */ = {
			isa = PBXProject;
			attributes = {
				LastSwiftUpdateCheck = 0940;
				LastUpgradeCheck = 1330;
				ORGANIZATIONNAME = "Nordic Semiconductor ASA";
				TargetAttributes = {
					BD5A285320CB44AF0061F0EE = {
						CreatedOnToolsVersion = 9.4;
						LastSwiftMigration = 1130;
						SystemCapabilities = {
							com.apple.iCloud = {
								enabled = 1;
							};
						};
					};
				};
			};
			buildConfigurationList = BD5A284F20CB44AF0061F0EE /* Build configuration list for PBXProject "nRF Connect Device Manager" */;
			compatibilityVersion = "Xcode 9.3";
			developmentRegion = en;
			hasScannedForEncodings = 0;
			knownRegions = (
				en,
				Base,
			);
			mainGroup = BD5A284B20CB44AF0061F0EE;
			productRefGroup = BD5A285520CB44AF0061F0EE /* Products */;
			projectDirPath = "";
			projectRoot = "";
			targets = (
				BD5A285320CB44AF0061F0EE /* nRF Connect Device Manager */,
			);
		};
/* End PBXProject section */

/* Begin PBXResourcesBuildPhase section */
		BD5A285220CB44AF0061F0EE /* Resources */ = {
			isa = PBXResourcesBuildPhase;
			buildActionMask = 2147483647;
			files = (
				BD5A286220CB44B00061F0EE /* LaunchScreen.storyboard in Resources */,
				BD5A285F20CB44B00061F0EE /* Assets.xcassets in Resources */,
				BD5A285D20CB44AF0061F0EE /* Main.storyboard in Resources */,
			);
			runOnlyForDeploymentPostprocessing = 0;
		};
/* End PBXResourcesBuildPhase section */

/* Begin PBXShellScriptBuildPhase section */
		65DB792ED924689A6456EECC /* [CP] Check Pods Manifest.lock */ = {
			isa = PBXShellScriptBuildPhase;
			buildActionMask = 2147483647;
			files = (
			);
			inputFileListPaths = (
			);
			inputPaths = (
				"${PODS_PODFILE_DIR_PATH}/Podfile.lock",
				"${PODS_ROOT}/Manifest.lock",
			);
			name = "[CP] Check Pods Manifest.lock";
			outputFileListPaths = (
			);
			outputPaths = (
				"$(DERIVED_FILE_DIR)/Pods-nRF Connect Device Manager-checkManifestLockResult.txt",
			);
			runOnlyForDeploymentPostprocessing = 0;
			shellPath = /bin/sh;
			shellScript = "diff \"${PODS_PODFILE_DIR_PATH}/Podfile.lock\" \"${PODS_ROOT}/Manifest.lock\" > /dev/null\nif [ $? != 0 ] ; then\n    # print error to STDERR\n    echo \"error: The sandbox is not in sync with the Podfile.lock. Run 'pod install' or update your CocoaPods installation.\" >&2\n    exit 1\nfi\n# This output is used by Xcode 'outputs' to avoid re-running this script phase.\necho \"SUCCESS\" > \"${SCRIPT_OUTPUT_FILE_0}\"\n";
			showEnvVarsInLog = 0;
		};
		AA1FA7F62816B127004D8497 /* ShellScript */ = {
			isa = PBXShellScriptBuildPhase;
			buildActionMask = 2147483647;
			files = (
			);
			inputFileListPaths = (
			);
			inputPaths = (
				"$(TARGET_BUILD_DIR)/$(INFOPLIST_PATH)",
			);
			outputFileListPaths = (
			);
			outputPaths = (
			);
			runOnlyForDeploymentPostprocessing = 0;
			shellPath = /bin/sh;
			shellScript = "#\n# Set the build number to the current git commit count.\n# If we're using the Dev scheme, then we'll suffix the build\n# number with the current branch name, to make collisions\n# far less likely across feature branches.\n# Based on: http://w3facility.info/question/how-do-i-force-xcode-to-rebuild-the-info-plist-file-in-my-project-every-time-i-build-the-project/\n#\n# Updated with dSYM handling from http://yellowfeather.co.uk/blog/auto-incrementing-build-number-in-xcode-revisited/\n#\n# Seen here: http://blog.jaredsinclair.com/post/97193356620/the-best-of-all-possible-xcode-automated-build\n\ngit=`sh /etc/profile; which git`\nreferenceGitTag=\"1.3.2\"\nappBuild=`\"$git\" rev-list \"$referenceGitTag\"..HEAD --count`\nbranchName=`\"$git\" rev-parse --abbrev-ref HEAD`\necho \"buildNo $appBuild-$branchName\"\n\ndsym_plist=\"$DWARF_DSYM_FOLDER_PATH/$DWARF_DSYM_FILE_NAME/Contents/Info.plist\"\ntarget_plist=\"$TARGET_BUILD_DIR/$INFOPLIST_PATH\"\n\nfor plist in \"$target_plist\" \"$dsym_plist\"; do\n    if [ -f \"$plist\" ]; then\n        /usr/libexec/PlistBuddy -c \"Set :CFBundleVersion $appBuild\" \"$plist\"\n        echo \"Build number set to $appBuild in ${TARGET_BUILD_DIR}/${INFOPLIST_PATH}\"\n    fi\n\ndone\n";
		};
		E0CEE0D742922CA92222028F /* [CP] Embed Pods Frameworks */ = {
			isa = PBXShellScriptBuildPhase;
			buildActionMask = 2147483647;
			files = (
			);
			inputFileListPaths = (
				"${PODS_ROOT}/Target Support Files/Pods-nRF Connect Device Manager/Pods-nRF Connect Device Manager-frameworks-${CONFIGURATION}-input-files.xcfilelist",
			);
			name = "[CP] Embed Pods Frameworks";
			outputFileListPaths = (
				"${PODS_ROOT}/Target Support Files/Pods-nRF Connect Device Manager/Pods-nRF Connect Device Manager-frameworks-${CONFIGURATION}-output-files.xcfilelist",
			);
			runOnlyForDeploymentPostprocessing = 0;
			shellPath = /bin/sh;
			shellScript = "\"${PODS_ROOT}/Target Support Files/Pods-nRF Connect Device Manager/Pods-nRF Connect Device Manager-frameworks.sh\"\n";
			showEnvVarsInLog = 0;
		};
/* End PBXShellScriptBuildPhase section */

/* Begin PBXSourcesBuildPhase section */
		BD5A285020CB44AF0061F0EE /* Sources */ = {
			isa = PBXSourcesBuildPhase;
			buildActionMask = 2147483647;
			files = (
				5264C1DA210F43B40044FBBA /* ResetViewController.swift in Sources */,
				5246368A2108DE77008B3D5B /* ScannerTableViewCell.swift in Sources */,
				524636962109D0D7008B3D5B /* ScannerFilterViewController.swift in Sources */,
				5264C1D8210F32A60044FBBA /* FirmwareUploadViewController.swift in Sources */,
				5246368E2108DF23008B3D5B /* DiscoveredPeripheral.swift in Sources */,
				5264C1D6210E26C20044FBBA /* FirmwareUpgradeViewController.swift in Sources */,
				BD5A285A20CB44AF0061F0EE /* ScannerViewController.swift in Sources */,
				524DCFD9210B4241000E110D /* UIColor.swift in Sources */,
				5264C1DC210F63850044FBBA /* ImagesViewController.swift in Sources */,
				526270A4210B8E8000FC17D4 /* ImageController.swift in Sources */,
				AA02AA5C2796E67E003040D5 /* UTI.swift in Sources */,
				AA02AA5A2796E57E003040D5 /* McuMgrPackage.swift in Sources */,
				5264C1DE210F640F0044FBBA /* McuMgrViewController.swift in Sources */,
				524DCFD4210B1C17000E110D /* DeviceController.swift in Sources */,
				5215762D212320F300C21B0C /* LogsStatsController.swift in Sources */,
				BD5A285820CB44AF0061F0EE /* AppDelegate.swift in Sources */,
				5215762F2125B59400C21B0C /* FilesController.swift in Sources */,
				521576332126FFBE00C21B0C /* FileDownloadViewController.swift in Sources */,
				5266273824ACA883008F528C /* NordicButton.swift in Sources */,
				523C05B32423DA3C0007E563 /* RootViewController.swift in Sources */,
				524DCFD6210B21D6000E110D /* ConnectionStateLabel.swift in Sources */,
				5266273724ACA7F4008F528C /* IntroViewController.swift in Sources */,
				524DCFD0210B0EB6000E110D /* BaseViewController.swift in Sources */,
				521576312126CC8F00C21B0C /* FileUploadViewController.swift in Sources */,
				5274C2622796CEC40043D7CA /* SettingsViewController.swift in Sources */,
			);
			runOnlyForDeploymentPostprocessing = 0;
		};
/* End PBXSourcesBuildPhase section */

/* Begin PBXVariantGroup section */
		BD5A285B20CB44AF0061F0EE /* Main.storyboard */ = {
			isa = PBXVariantGroup;
			children = (
				BD5A285C20CB44AF0061F0EE /* Base */,
			);
			name = Main.storyboard;
			sourceTree = "<group>";
		};
		BD5A286020CB44B00061F0EE /* LaunchScreen.storyboard */ = {
			isa = PBXVariantGroup;
			children = (
				BD5A286120CB44B00061F0EE /* Base */,
			);
			name = LaunchScreen.storyboard;
			sourceTree = "<group>";
		};
/* End PBXVariantGroup section */

/* Begin XCBuildConfiguration section */
		BD5A286420CB44B00061F0EE /* Debug */ = {
			isa = XCBuildConfiguration;
			buildSettings = {
				ALWAYS_SEARCH_USER_PATHS = NO;
				CLANG_ANALYZER_NONNULL = YES;
				CLANG_ANALYZER_NUMBER_OBJECT_CONVERSION = YES_AGGRESSIVE;
				CLANG_CXX_LANGUAGE_STANDARD = "gnu++14";
				CLANG_CXX_LIBRARY = "libc++";
				CLANG_ENABLE_MODULES = YES;
				CLANG_ENABLE_OBJC_ARC = YES;
				CLANG_ENABLE_OBJC_WEAK = YES;
				CLANG_WARN_BLOCK_CAPTURE_AUTORELEASING = YES;
				CLANG_WARN_BOOL_CONVERSION = YES;
				CLANG_WARN_COMMA = YES;
				CLANG_WARN_CONSTANT_CONVERSION = YES;
				CLANG_WARN_DEPRECATED_OBJC_IMPLEMENTATIONS = YES;
				CLANG_WARN_DIRECT_OBJC_ISA_USAGE = YES_ERROR;
				CLANG_WARN_DOCUMENTATION_COMMENTS = YES;
				CLANG_WARN_EMPTY_BODY = YES;
				CLANG_WARN_ENUM_CONVERSION = YES;
				CLANG_WARN_INFINITE_RECURSION = YES;
				CLANG_WARN_INT_CONVERSION = YES;
				CLANG_WARN_NON_LITERAL_NULL_CONVERSION = YES;
				CLANG_WARN_OBJC_IMPLICIT_RETAIN_SELF = YES;
				CLANG_WARN_OBJC_LITERAL_CONVERSION = YES;
				CLANG_WARN_OBJC_ROOT_CLASS = YES_ERROR;
				CLANG_WARN_QUOTED_INCLUDE_IN_FRAMEWORK_HEADER = YES;
				CLANG_WARN_RANGE_LOOP_ANALYSIS = YES;
				CLANG_WARN_STRICT_PROTOTYPES = YES;
				CLANG_WARN_SUSPICIOUS_MOVE = YES;
				CLANG_WARN_UNGUARDED_AVAILABILITY = YES_AGGRESSIVE;
				CLANG_WARN_UNREACHABLE_CODE = YES;
				CLANG_WARN__DUPLICATE_METHOD_MATCH = YES;
				CODE_SIGN_IDENTITY = "iPhone Developer";
				COPY_PHASE_STRIP = NO;
				DEBUG_INFORMATION_FORMAT = dwarf;
				ENABLE_STRICT_OBJC_MSGSEND = YES;
				ENABLE_TESTABILITY = YES;
				GCC_C_LANGUAGE_STANDARD = gnu11;
				GCC_DYNAMIC_NO_PIC = NO;
				GCC_NO_COMMON_BLOCKS = YES;
				GCC_OPTIMIZATION_LEVEL = 0;
				GCC_PREPROCESSOR_DEFINITIONS = (
					"DEBUG=1",
					"$(inherited)",
				);
				GCC_WARN_64_TO_32_BIT_CONVERSION = YES;
				GCC_WARN_ABOUT_RETURN_TYPE = YES_ERROR;
				GCC_WARN_UNDECLARED_SELECTOR = YES;
				GCC_WARN_UNINITIALIZED_AUTOS = YES_AGGRESSIVE;
				GCC_WARN_UNUSED_FUNCTION = YES;
				GCC_WARN_UNUSED_VARIABLE = YES;
				IPHONEOS_DEPLOYMENT_TARGET = 16.0;
				MTL_ENABLE_DEBUG_INFO = YES;
				ONLY_ACTIVE_ARCH = YES;
				SDKROOT = iphoneos;
				SWIFT_ACTIVE_COMPILATION_CONDITIONS = DEBUG;
				SWIFT_OPTIMIZATION_LEVEL = "-Onone";
			};
			name = Debug;
		};
		BD5A286520CB44B00061F0EE /* Release */ = {
			isa = XCBuildConfiguration;
			buildSettings = {
				ALWAYS_SEARCH_USER_PATHS = NO;
				CLANG_ANALYZER_NONNULL = YES;
				CLANG_ANALYZER_NUMBER_OBJECT_CONVERSION = YES_AGGRESSIVE;
				CLANG_CXX_LANGUAGE_STANDARD = "gnu++14";
				CLANG_CXX_LIBRARY = "libc++";
				CLANG_ENABLE_MODULES = YES;
				CLANG_ENABLE_OBJC_ARC = YES;
				CLANG_ENABLE_OBJC_WEAK = YES;
				CLANG_WARN_BLOCK_CAPTURE_AUTORELEASING = YES;
				CLANG_WARN_BOOL_CONVERSION = YES;
				CLANG_WARN_COMMA = YES;
				CLANG_WARN_CONSTANT_CONVERSION = YES;
				CLANG_WARN_DEPRECATED_OBJC_IMPLEMENTATIONS = YES;
				CLANG_WARN_DIRECT_OBJC_ISA_USAGE = YES_ERROR;
				CLANG_WARN_DOCUMENTATION_COMMENTS = YES;
				CLANG_WARN_EMPTY_BODY = YES;
				CLANG_WARN_ENUM_CONVERSION = YES;
				CLANG_WARN_INFINITE_RECURSION = YES;
				CLANG_WARN_INT_CONVERSION = YES;
				CLANG_WARN_NON_LITERAL_NULL_CONVERSION = YES;
				CLANG_WARN_OBJC_IMPLICIT_RETAIN_SELF = YES;
				CLANG_WARN_OBJC_LITERAL_CONVERSION = YES;
				CLANG_WARN_OBJC_ROOT_CLASS = YES_ERROR;
				CLANG_WARN_QUOTED_INCLUDE_IN_FRAMEWORK_HEADER = YES;
				CLANG_WARN_RANGE_LOOP_ANALYSIS = YES;
				CLANG_WARN_STRICT_PROTOTYPES = YES;
				CLANG_WARN_SUSPICIOUS_MOVE = YES;
				CLANG_WARN_UNGUARDED_AVAILABILITY = YES_AGGRESSIVE;
				CLANG_WARN_UNREACHABLE_CODE = YES;
				CLANG_WARN__DUPLICATE_METHOD_MATCH = YES;
				CODE_SIGN_IDENTITY = "iPhone Developer";
				COPY_PHASE_STRIP = NO;
				DEBUG_INFORMATION_FORMAT = "dwarf-with-dsym";
				ENABLE_NS_ASSERTIONS = NO;
				ENABLE_STRICT_OBJC_MSGSEND = YES;
				GCC_C_LANGUAGE_STANDARD = gnu11;
				GCC_NO_COMMON_BLOCKS = YES;
				GCC_WARN_64_TO_32_BIT_CONVERSION = YES;
				GCC_WARN_ABOUT_RETURN_TYPE = YES_ERROR;
				GCC_WARN_UNDECLARED_SELECTOR = YES;
				GCC_WARN_UNINITIALIZED_AUTOS = YES_AGGRESSIVE;
				GCC_WARN_UNUSED_FUNCTION = YES;
				GCC_WARN_UNUSED_VARIABLE = YES;
				IPHONEOS_DEPLOYMENT_TARGET = 16.0;
				MTL_ENABLE_DEBUG_INFO = NO;
				SDKROOT = iphoneos;
				SWIFT_COMPILATION_MODE = wholemodule;
				SWIFT_OPTIMIZATION_LEVEL = "-O";
				VALIDATE_PRODUCT = YES;
			};
			name = Release;
		};
		BD5A286720CB44B00061F0EE /* Debug */ = {
			isa = XCBuildConfiguration;
			baseConfigurationReference = E9EB68FC3504F79AE1891044 /* Pods-nRF Connect Device Manager.debug.xcconfig */;
			buildSettings = {
				ASSETCATALOG_COMPILER_APPICON_NAME = AppIcon;
				CODE_SIGN_ENTITLEMENTS = Example/Example.entitlements;
				CODE_SIGN_STYLE = Automatic;
				CURRENT_PROJECT_VERSION = 4;
				DEVELOPMENT_TEAM = P3R8YQEV4L;
				INFOPLIST_FILE = Example/Info.plist;
				IPHONEOS_DEPLOYMENT_TARGET = 9.0;
				LD_RUNPATH_SEARCH_PATHS = (
					"$(inherited)",
					"@executable_path/Frameworks",
				);
				MARKETING_VERSION = 1.3.3;
				PRODUCT_BUNDLE_IDENTIFIER = com.nordicsemi.nrfconnect.devicemanager;
				PRODUCT_NAME = "Device Manager";
				SWIFT_VERSION = 5.0;
				TARGETED_DEVICE_FAMILY = "1,2";
			};
			name = Debug;
		};
		BD5A286820CB44B00061F0EE /* Release */ = {
			isa = XCBuildConfiguration;
			baseConfigurationReference = 8CC828C02D6175238385D59A /* Pods-nRF Connect Device Manager.release.xcconfig */;
			buildSettings = {
				ASSETCATALOG_COMPILER_APPICON_NAME = AppIcon;
				CODE_SIGN_ENTITLEMENTS = Example/Example.entitlements;
				CODE_SIGN_STYLE = Automatic;
				CURRENT_PROJECT_VERSION = 4;
				DEVELOPMENT_TEAM = P3R8YQEV4L;
				INFOPLIST_FILE = Example/Info.plist;
				IPHONEOS_DEPLOYMENT_TARGET = 9.0;
				LD_RUNPATH_SEARCH_PATHS = (
					"$(inherited)",
					"@executable_path/Frameworks",
				);
				MARKETING_VERSION = 1.3.3;
				PRODUCT_BUNDLE_IDENTIFIER = com.nordicsemi.nrfconnect.devicemanager;
				PRODUCT_NAME = "Device Manager";
				SWIFT_VERSION = 5.0;
				TARGETED_DEVICE_FAMILY = "1,2";
			};
			name = Release;
		};
/* End XCBuildConfiguration section */

/* Begin XCConfigurationList section */
		BD5A284F20CB44AF0061F0EE /* Build configuration list for PBXProject "nRF Connect Device Manager" */ = {
			isa = XCConfigurationList;
			buildConfigurations = (
				BD5A286420CB44B00061F0EE /* Debug */,
				BD5A286520CB44B00061F0EE /* Release */,
			);
			defaultConfigurationIsVisible = 0;
			defaultConfigurationName = Release;
		};
		BD5A286620CB44B00061F0EE /* Build configuration list for PBXNativeTarget "nRF Connect Device Manager" */ = {
			isa = XCConfigurationList;
			buildConfigurations = (
				BD5A286720CB44B00061F0EE /* Debug */,
				BD5A286820CB44B00061F0EE /* Release */,
			);
			defaultConfigurationIsVisible = 0;
			defaultConfigurationName = Release;
		};
/* End XCConfigurationList section */
	};
	rootObject = BD5A284C20CB44AF0061F0EE /* Project object */;
}
