PODS:
  - McuManager (0.10.0):
    - SwiftCBOR (= 0.4.3)
  - SwiftCBOR (0.4.3)

DEPENDENCIES:
  - McuManager (from `../`)

SPEC REPOS:
  trunk:
    - SwiftCBOR

EXTERNAL SOURCES:
  McuManager:
    :path: "../"

SPEC CHECKSUMS:
  McuManager: a734d3ef5cbf2fb6021388c79f8c7895b3281e38
  SwiftCBOR: c7d740966575e0fd5d971466de2b6776db3f10c3

PODFILE CHECKSUM: 4826f049a2289ef3bb11034e2c7e460681bad781

COCOAPODS: 1.9.2
