{
  "object": {
    "pins": [
      {
        "package": "SwiftCBOR",
        "repositoryURL": "https://github.com/unrelentingtech/SwiftCBOR.git",
        "state": {
          "branch": null,
          "revision": "418dab41b09a5da0d45d7b788c59085979ff4dae",
          "version": "0.4.7"
        }
      },
      {
        "package": "ZIPFoundation",
        "repositoryURL": "https://github.com/weichsel/ZIPFoundation.git",
        "state": {
          "branch": null,
          "revision": "02b6abe5f6eef7e3cbd5f247c5cc24e246efcfe0",
          "version": "0.9.19"
        }
      }
    ]
  },
  "version": 1
}
