// !$*UTF8*$!
{
	archiveVersion = 1;
	classes = {
	};
	objectVersion = 50;
	objects = {

/* Begin PBXBuildFile section */
		B7933FF820F3D0B500F14A7C /* FirmwareUpgradeController.swift in Sources */ = {isa = PBXBuildFile; fileRef = B7933FF620F3D0B500F14A7C /* FirmwareUpgradeController.swift */; };
		B7933FF920F3D0B500F14A7C /* FirmwareUpgradeManager.swift in Sources */ = {isa = PBXBuildFile; fileRef = B7933FF720F3D0B500F14A7C /* FirmwareUpgradeManager.swift */; };
		BD5A28A120CB50CA0061F0EE /* McuMgrHeader.swift in Sources */ = {isa = PBXBuildFile; fileRef = BD5A287E20CB50CA0061F0EE /* McuMgrHeader.swift */; };
		BD5A28A220CB50CA0061F0EE /* CBOR+McuManager.swift in Sources */ = {isa = PBXBuildFile; fileRef = BD5A288020CB50CA0061F0EE /* CBOR+McuManager.swift */; };
		BD5A28A320CB50CA0061F0EE /* String+McuManager.swift in Sources */ = {isa = PBXBuildFile; fileRef = BD5A288120CB50CA0061F0EE /* String+McuManager.swift */; };
		BD5A28A520CB50CA0061F0EE /* Data+McuManager.swift in Sources */ = {isa = PBXBuildFile; fileRef = BD5A288320CB50CA0061F0EE /* Data+McuManager.swift */; };
		BD5A28A620CB50CA0061F0EE /* McuMgrResponse.swift in Sources */ = {isa = PBXBuildFile; fileRef = BD5A288420CB50CA0061F0EE /* McuMgrResponse.swift */; };
		BD5A28A720CB50CA0061F0EE /* McuMgrTransport.swift in Sources */ = {isa = PBXBuildFile; fileRef = BD5A288520CB50CA0061F0EE /* McuMgrTransport.swift */; };
		BD5A28A820CB50CA0061F0EE /* ResultLock.swift in Sources */ = {isa = PBXBuildFile; fileRef = BD5A288720CB50CA0061F0EE /* ResultLock.swift */; };
		BD5A28A920CB50CA0061F0EE /* Log.swift in Sources */ = {isa = PBXBuildFile; fileRef = BD5A288820CB50CA0061F0EE /* Log.swift */; };
		BD5A28AA20CB50CA0061F0EE /* McuMgrBleTransport.swift in Sources */ = {isa = PBXBuildFile; fileRef = BD5A288A20CB50CA0061F0EE /* McuMgrBleTransport.swift */; };
		BD5A28AC20CB50CA0061F0EE /* ConfigManager.swift in Sources */ = {isa = PBXBuildFile; fileRef = BD5A288D20CB50CA0061F0EE /* ConfigManager.swift */; };
		BD5A28AD20CB50CA0061F0EE /* CrashManager.swift in Sources */ = {isa = PBXBuildFile; fileRef = BD5A288E20CB50CA0061F0EE /* CrashManager.swift */; };
		BD5A28AE20CB50CA0061F0EE /* ImageManager.swift in Sources */ = {isa = PBXBuildFile; fileRef = BD5A288F20CB50CA0061F0EE /* ImageManager.swift */; };
		BD5A28AF20CB50CA0061F0EE /* DefaultManager.swift in Sources */ = {isa = PBXBuildFile; fileRef = BD5A289020CB50CA0061F0EE /* DefaultManager.swift */; };
		BD5A28B120CB50CA0061F0EE /* StatsManager.swift in Sources */ = {isa = PBXBuildFile; fileRef = BD5A289220CB50CA0061F0EE /* StatsManager.swift */; };
		BD5A28B220CB50CA0061F0EE /* RunTestManager.swift in Sources */ = {isa = PBXBuildFile; fileRef = BD5A289320CB50CA0061F0EE /* RunTestManager.swift */; };
		BD5A28B320CB50CA0061F0EE /* LogManager.swift in Sources */ = {isa = PBXBuildFile; fileRef = BD5A289420CB50CA0061F0EE /* LogManager.swift */; };
		BD5A28B420CB50CA0061F0EE /* FileSystemManager.swift in Sources */ = {isa = PBXBuildFile; fileRef = BD5A289520CB50CA0061F0EE /* FileSystemManager.swift */; };
		BD5A28B520CB50CA0061F0EE /* McuManager-Bridging-Header.h in Headers */ = {isa = PBXBuildFile; fileRef = BD5A289620CB50CA0061F0EE /* McuManager-Bridging-Header.h */; };
		BD5A28B620CB50CA0061F0EE /* CBOREncoder.swift in Sources */ = {isa = PBXBuildFile; fileRef = BD5A289820CB50CA0061F0EE /* CBOREncoder.swift */; };
		BD5A28B720CB50CA0061F0EE /* SwiftCBOR.h in Headers */ = {isa = PBXBuildFile; fileRef = BD5A289920CB50CA0061F0EE /* SwiftCBOR.h */; };
		BD5A28B820CB50CA0061F0EE /* CBORInputStream.swift in Sources */ = {isa = PBXBuildFile; fileRef = BD5A289A20CB50CA0061F0EE /* CBORInputStream.swift */; };
		BD5A28B920CB50CA0061F0EE /* CBORDecoder.swift in Sources */ = {isa = PBXBuildFile; fileRef = BD5A289B20CB50CA0061F0EE /* CBORDecoder.swift */; };
		BD5A28BA20CB50CA0061F0EE /* CBOR.swift in Sources */ = {isa = PBXBuildFile; fileRef = BD5A289C20CB50CA0061F0EE /* CBOR.swift */; };
		BD5A28BB20CB50CA0061F0EE /* Util.swift in Sources */ = {isa = PBXBuildFile; fileRef = BD5A289D20CB50CA0061F0EE /* Util.swift */; };
		BD5A28BC20CB50CA0061F0EE /* CBOREncodable.swift in Sources */ = {isa = PBXBuildFile; fileRef = BD5A289E20CB50CA0061F0EE /* CBOREncodable.swift */; };
		BD5A28BD20CB50CA0061F0EE /* McuManager.swift in Sources */ = {isa = PBXBuildFile; fileRef = BD5A289F20CB50CA0061F0EE /* McuManager.swift */; };
		BD5A28BE20CB50CA0061F0EE /* McuMgrImage.swift in Sources */ = {isa = PBXBuildFile; fileRef = BD5A28A020CB50CA0061F0EE /* McuMgrImage.swift */; };
/* End PBXBuildFile section */

/* Begin PBXFileReference section */
		B7933FF620F3D0B500F14A7C /* FirmwareUpgradeController.swift */ = {isa = PBXFileReference; fileEncoding = 4; lastKnownFileType = sourcecode.swift; path = FirmwareUpgradeController.swift; sourceTree = "<group>"; };
		B7933FF720F3D0B500F14A7C /* FirmwareUpgradeManager.swift */ = {isa = PBXFileReference; fileEncoding = 4; lastKnownFileType = sourcecode.swift; path = FirmwareUpgradeManager.swift; sourceTree = "<group>"; };
		BD5A287320CB50040061F0EE /* McuManager.framework */ = {isa = PBXFileReference; explicitFileType = wrapper.framework; includeInIndex = 0; path = McuManager.framework; sourceTree = BUILT_PRODUCTS_DIR; };
		BD5A287720CB50040061F0EE /* Info.plist */ = {isa = PBXFileReference; lastKnownFileType = text.plist.xml; path = Info.plist; sourceTree = "<group>"; };
		BD5A287E20CB50CA0061F0EE /* McuMgrHeader.swift */ = {isa = PBXFileReference; fileEncoding = 4; lastKnownFileType = sourcecode.swift; path = McuMgrHeader.swift; sourceTree = "<group>"; };
		BD5A288020CB50CA0061F0EE /* CBOR+McuManager.swift */ = {isa = PBXFileReference; fileEncoding = 4; lastKnownFileType = sourcecode.swift; path = "CBOR+McuManager.swift"; sourceTree = "<group>"; };
		BD5A288120CB50CA0061F0EE /* String+McuManager.swift */ = {isa = PBXFileReference; fileEncoding = 4; lastKnownFileType = sourcecode.swift; path = "String+McuManager.swift"; sourceTree = "<group>"; };
		BD5A288320CB50CA0061F0EE /* Data+McuManager.swift */ = {isa = PBXFileReference; fileEncoding = 4; lastKnownFileType = sourcecode.swift; path = "Data+McuManager.swift"; sourceTree = "<group>"; };
		BD5A288420CB50CA0061F0EE /* McuMgrResponse.swift */ = {isa = PBXFileReference; fileEncoding = 4; lastKnownFileType = sourcecode.swift; path = McuMgrResponse.swift; sourceTree = "<group>"; };
		BD5A288520CB50CA0061F0EE /* McuMgrTransport.swift */ = {isa = PBXFileReference; fileEncoding = 4; lastKnownFileType = sourcecode.swift; path = McuMgrTransport.swift; sourceTree = "<group>"; };
		BD5A288720CB50CA0061F0EE /* ResultLock.swift */ = {isa = PBXFileReference; fileEncoding = 4; lastKnownFileType = sourcecode.swift; path = ResultLock.swift; sourceTree = "<group>"; };
		BD5A288820CB50CA0061F0EE /* Log.swift */ = {isa = PBXFileReference; fileEncoding = 4; lastKnownFileType = sourcecode.swift; path = Log.swift; sourceTree = "<group>"; };
		BD5A288A20CB50CA0061F0EE /* McuMgrBleTransport.swift */ = {isa = PBXFileReference; fileEncoding = 4; lastKnownFileType = sourcecode.swift; path = McuMgrBleTransport.swift; sourceTree = "<group>"; };
		BD5A288D20CB50CA0061F0EE /* ConfigManager.swift */ = {isa = PBXFileReference; fileEncoding = 4; lastKnownFileType = sourcecode.swift; path = ConfigManager.swift; sourceTree = "<group>"; };
		BD5A288E20CB50CA0061F0EE /* CrashManager.swift */ = {isa = PBXFileReference; fileEncoding = 4; lastKnownFileType = sourcecode.swift; path = CrashManager.swift; sourceTree = "<group>"; };
		BD5A288F20CB50CA0061F0EE /* ImageManager.swift */ = {isa = PBXFileReference; fileEncoding = 4; lastKnownFileType = sourcecode.swift; path = ImageManager.swift; sourceTree = "<group>"; };
		BD5A289020CB50CA0061F0EE /* DefaultManager.swift */ = {isa = PBXFileReference; fileEncoding = 4; lastKnownFileType = sourcecode.swift; path = DefaultManager.swift; sourceTree = "<group>"; };
		BD5A289220CB50CA0061F0EE /* StatsManager.swift */ = {isa = PBXFileReference; fileEncoding = 4; lastKnownFileType = sourcecode.swift; path = StatsManager.swift; sourceTree = "<group>"; };
		BD5A289320CB50CA0061F0EE /* RunTestManager.swift */ = {isa = PBXFileReference; fileEncoding = 4; lastKnownFileType = sourcecode.swift; path = RunTestManager.swift; sourceTree = "<group>"; };
		BD5A289420CB50CA0061F0EE /* LogManager.swift */ = {isa = PBXFileReference; fileEncoding = 4; lastKnownFileType = sourcecode.swift; path = LogManager.swift; sourceTree = "<group>"; };
		BD5A289520CB50CA0061F0EE /* FileSystemManager.swift */ = {isa = PBXFileReference; fileEncoding = 4; lastKnownFileType = sourcecode.swift; path = FileSystemManager.swift; sourceTree = "<group>"; };
		BD5A289620CB50CA0061F0EE /* McuManager-Bridging-Header.h */ = {isa = PBXFileReference; fileEncoding = 4; lastKnownFileType = sourcecode.c.h; path = "McuManager-Bridging-Header.h"; sourceTree = "<group>"; };
		BD5A289820CB50CA0061F0EE /* CBOREncoder.swift */ = {isa = PBXFileReference; fileEncoding = 4; lastKnownFileType = sourcecode.swift; path = CBOREncoder.swift; sourceTree = "<group>"; };
		BD5A289920CB50CA0061F0EE /* SwiftCBOR.h */ = {isa = PBXFileReference; fileEncoding = 4; lastKnownFileType = sourcecode.c.h; path = SwiftCBOR.h; sourceTree = "<group>"; };
		BD5A289A20CB50CA0061F0EE /* CBORInputStream.swift */ = {isa = PBXFileReference; fileEncoding = 4; lastKnownFileType = sourcecode.swift; path = CBORInputStream.swift; sourceTree = "<group>"; };
		BD5A289B20CB50CA0061F0EE /* CBORDecoder.swift */ = {isa = PBXFileReference; fileEncoding = 4; lastKnownFileType = sourcecode.swift; path = CBORDecoder.swift; sourceTree = "<group>"; };
		BD5A289C20CB50CA0061F0EE /* CBOR.swift */ = {isa = PBXFileReference; fileEncoding = 4; lastKnownFileType = sourcecode.swift; path = CBOR.swift; sourceTree = "<group>"; };
		BD5A289D20CB50CA0061F0EE /* Util.swift */ = {isa = PBXFileReference; fileEncoding = 4; lastKnownFileType = sourcecode.swift; path = Util.swift; sourceTree = "<group>"; };
		BD5A289E20CB50CA0061F0EE /* CBOREncodable.swift */ = {isa = PBXFileReference; fileEncoding = 4; lastKnownFileType = sourcecode.swift; path = CBOREncodable.swift; sourceTree = "<group>"; };
		BD5A289F20CB50CA0061F0EE /* McuManager.swift */ = {isa = PBXFileReference; fileEncoding = 4; lastKnownFileType = sourcecode.swift; path = McuManager.swift; sourceTree = "<group>"; };
		BD5A28A020CB50CA0061F0EE /* McuMgrImage.swift */ = {isa = PBXFileReference; fileEncoding = 4; lastKnownFileType = sourcecode.swift; path = McuMgrImage.swift; sourceTree = "<group>"; };
/* End PBXFileReference section */

/* Begin PBXFrameworksBuildPhase section */
		BD5A286F20CB50040061F0EE /* Frameworks */ = {
			isa = PBXFrameworksBuildPhase;
			buildActionMask = 2147483647;
			files = (
			);
			runOnlyForDeploymentPostprocessing = 0;
		};
/* End PBXFrameworksBuildPhase section */

/* Begin PBXGroup section */
		B7933FF520F3D0B500F14A7C /* DFU */ = {
			isa = PBXGroup;
			children = (
				B7933FF620F3D0B500F14A7C /* FirmwareUpgradeController.swift */,
				B7933FF720F3D0B500F14A7C /* FirmwareUpgradeManager.swift */,
			);
			path = DFU;
			sourceTree = "<group>";
		};
		BD5A286920CB50040061F0EE = {
			isa = PBXGroup;
			children = (
				BD5A287520CB50040061F0EE /* Source */,
				BD5A287420CB50040061F0EE /* Products */,
			);
			sourceTree = "<group>";
		};
		BD5A287420CB50040061F0EE /* Products */ = {
			isa = PBXGroup;
			children = (
				BD5A287320CB50040061F0EE /* McuManager.framework */,
			);
			name = Products;
			sourceTree = "<group>";
		};
		BD5A287520CB50040061F0EE /* Source */ = {
			isa = PBXGroup;
			children = (
				BD5A288920CB50CA0061F0EE /* Bluetooth */,
				BD5A289720CB50CA0061F0EE /* CBOR */,
				BD5A287F20CB50CA0061F0EE /* Extensions */,
				BD5A288C20CB50CA0061F0EE /* Managers */,
				BD5A289F20CB50CA0061F0EE /* McuManager.swift */,
				BD5A289620CB50CA0061F0EE /* McuManager-Bridging-Header.h */,
				BD5A287E20CB50CA0061F0EE /* McuMgrHeader.swift */,
				BD5A28A020CB50CA0061F0EE /* McuMgrImage.swift */,
				BD5A288420CB50CA0061F0EE /* McuMgrResponse.swift */,
				BD5A288520CB50CA0061F0EE /* McuMgrTransport.swift */,
				BD5A288620CB50CA0061F0EE /* Utils */,
				BD5A287720CB50040061F0EE /* Info.plist */,
			);
			path = Source;
			sourceTree = "<group>";
		};
		BD5A287F20CB50CA0061F0EE /* Extensions */ = {
			isa = PBXGroup;
			children = (
				BD5A288020CB50CA0061F0EE /* CBOR+McuManager.swift */,
				BD5A288120CB50CA0061F0EE /* String+McuManager.swift */,
				BD5A288320CB50CA0061F0EE /* Data+McuManager.swift */,
			);
			path = Extensions;
			sourceTree = "<group>";
		};
		BD5A288620CB50CA0061F0EE /* Utils */ = {
			isa = PBXGroup;
			children = (
				BD5A288720CB50CA0061F0EE /* ResultLock.swift */,
				BD5A288820CB50CA0061F0EE /* Log.swift */,
			);
			path = Utils;
			sourceTree = "<group>";
		};
		BD5A288920CB50CA0061F0EE /* Bluetooth */ = {
			isa = PBXGroup;
			children = (
				BD5A288A20CB50CA0061F0EE /* McuMgrBleTransport.swift */,
			);
			path = Bluetooth;
			sourceTree = "<group>";
		};
		BD5A288C20CB50CA0061F0EE /* Managers */ = {
			isa = PBXGroup;
			children = (
				B7933FF520F3D0B500F14A7C /* DFU */,
				BD5A288D20CB50CA0061F0EE /* ConfigManager.swift */,
				BD5A288E20CB50CA0061F0EE /* CrashManager.swift */,
				BD5A288F20CB50CA0061F0EE /* ImageManager.swift */,
				BD5A289020CB50CA0061F0EE /* DefaultManager.swift */,
				BD5A289220CB50CA0061F0EE /* StatsManager.swift */,
				BD5A289320CB50CA0061F0EE /* RunTestManager.swift */,
				BD5A289420CB50CA0061F0EE /* LogManager.swift */,
				BD5A289520CB50CA0061F0EE /* FileSystemManager.swift */,
			);
			path = Managers;
			sourceTree = "<group>";
		};
		BD5A289720CB50CA0061F0EE /* CBOR */ = {
			isa = PBXGroup;
			children = (
				BD5A289820CB50CA0061F0EE /* CBOREncoder.swift */,
				BD5A289920CB50CA0061F0EE /* SwiftCBOR.h */,
				BD5A289A20CB50CA0061F0EE /* CBORInputStream.swift */,
				BD5A289B20CB50CA0061F0EE /* CBORDecoder.swift */,
				BD5A289C20CB50CA0061F0EE /* CBOR.swift */,
				BD5A289D20CB50CA0061F0EE /* Util.swift */,
				BD5A289E20CB50CA0061F0EE /* CBOREncodable.swift */,
			);
			path = CBOR;
			sourceTree = "<group>";
		};
/* End PBXGroup section */

/* Begin PBXHeadersBuildPhase section */
		BD5A287020CB50040061F0EE /* Headers */ = {
			isa = PBXHeadersBuildPhase;
			buildActionMask = 2147483647;
			files = (
				BD5A28B720CB50CA0061F0EE /* SwiftCBOR.h in Headers */,
				BD5A28B520CB50CA0061F0EE /* McuManager-Bridging-Header.h in Headers */,
			);
			runOnlyForDeploymentPostprocessing = 0;
		};
/* End PBXHeadersBuildPhase section */

/* Begin PBXNativeTarget section */
		BD5A287220CB50040061F0EE /* McuManager */ = {
			isa = PBXNativeTarget;
			buildConfigurationList = BD5A287B20CB50040061F0EE /* Build configuration list for PBXNativeTarget "McuManager" */;
			buildPhases = (
				BD5A286E20CB50040061F0EE /* Sources */,
				BD5A286F20CB50040061F0EE /* Frameworks */,
				BD5A287020CB50040061F0EE /* Headers */,
				BD5A287120CB50040061F0EE /* Resources */,
			);
			buildRules = (
			);
			dependencies = (
			);
			name = McuManager;
			productName = McuManager;
			productReference = BD5A287320CB50040061F0EE /* McuManager.framework */;
			productType = "com.apple.product-type.framework";
		};
/* End PBXNativeTarget section */

/* Begin PBXProject section */
		BD5A286A20CB50040061F0EE /* Project object */ = {
			isa = PBXProject;
			attributes = {
				LastSwiftUpdateCheck = 0940;
				LastUpgradeCheck = 0940;
				ORGANIZATIONNAME = Runtime;
				TargetAttributes = {
					BD5A287220CB50040061F0EE = {
						CreatedOnToolsVersion = 9.4;
						LastSwiftMigration = 0940;
					};
				};
			};
			buildConfigurationList = BD5A286D20CB50040061F0EE /* Build configuration list for PBXProject "McuManager" */;
			compatibilityVersion = "Xcode 9.3";
			developmentRegion = en;
			hasScannedForEncodings = 0;
			knownRegions = (
				en,
			);
			mainGroup = BD5A286920CB50040061F0EE;
			productRefGroup = BD5A287420CB50040061F0EE /* Products */;
			projectDirPath = "";
			projectRoot = "";
			targets = (
				BD5A287220CB50040061F0EE /* McuManager */,
			);
		};
/* End PBXProject section */

/* Begin PBXResourcesBuildPhase section */
		BD5A287120CB50040061F0EE /* Resources */ = {
			isa = PBXResourcesBuildPhase;
			buildActionMask = 2147483647;
			files = (
			);
			runOnlyForDeploymentPostprocessing = 0;
		};
/* End PBXResourcesBuildPhase section */

/* Begin PBXSourcesBuildPhase section */
		BD5A286E20CB50040061F0EE /* Sources */ = {
			isa = PBXSourcesBuildPhase;
			buildActionMask = 2147483647;
			files = (
				BD5A28AA20CB50CA0061F0EE /* McuMgrBleTransport.swift in Sources */,
				BD5A28BD20CB50CA0061F0EE /* McuManager.swift in Sources */,
				BD5A28A620CB50CA0061F0EE /* McuMgrResponse.swift in Sources */,
				BD5A28BA20CB50CA0061F0EE /* CBOR.swift in Sources */,
				BD5A28A920CB50CA0061F0EE /* Log.swift in Sources */,
				BD5A28B620CB50CA0061F0EE /* CBOREncoder.swift in Sources */,
				BD5A28B120CB50CA0061F0EE /* StatsManager.swift in Sources */,
				B7933FF820F3D0B500F14A7C /* FirmwareUpgradeController.swift in Sources */,
				BD5A28B920CB50CA0061F0EE /* CBORDecoder.swift in Sources */,
				BD5A28BE20CB50CA0061F0EE /* McuMgrImage.swift in Sources */,
				BD5A28A320CB50CA0061F0EE /* String+McuManager.swift in Sources */,
				BD5A28B820CB50CA0061F0EE /* CBORInputStream.swift in Sources */,
				BD5A28B320CB50CA0061F0EE /* LogManager.swift in Sources */,
				BD5A28B220CB50CA0061F0EE /* RunTestManager.swift in Sources */,
				BD5A28AD20CB50CA0061F0EE /* CrashManager.swift in Sources */,
				BD5A28B420CB50CA0061F0EE /* FileSystemManager.swift in Sources */,
				BD5A28A820CB50CA0061F0EE /* ResultLock.swift in Sources */,
				B7933FF920F3D0B500F14A7C /* FirmwareUpgradeManager.swift in Sources */,
				BD5A28BC20CB50CA0061F0EE /* CBOREncodable.swift in Sources */,
				BD5A28A120CB50CA0061F0EE /* McuMgrHeader.swift in Sources */,
				BD5A28AF20CB50CA0061F0EE /* DefaultManager.swift in Sources */,
				BD5A28AE20CB50CA0061F0EE /* ImageManager.swift in Sources */,
				BD5A28A220CB50CA0061F0EE /* CBOR+McuManager.swift in Sources */,
				BD5A28A520CB50CA0061F0EE /* Data+McuManager.swift in Sources */,
				BD5A28BB20CB50CA0061F0EE /* Util.swift in Sources */,
				BD5A28A720CB50CA0061F0EE /* McuMgrTransport.swift in Sources */,
				BD5A28AC20CB50CA0061F0EE /* ConfigManager.swift in Sources */,
			);
			runOnlyForDeploymentPostprocessing = 0;
		};
/* End PBXSourcesBuildPhase section */

/* Begin XCBuildConfiguration section */
		BD5A287920CB50040061F0EE /* Debug */ = {
			isa = XCBuildConfiguration;
			buildSettings = {
				ALWAYS_SEARCH_USER_PATHS = NO;
				CLANG_ANALYZER_NONNULL = YES;
				CLANG_ANALYZER_NUMBER_OBJECT_CONVERSION = YES_AGGRESSIVE;
				CLANG_CXX_LANGUAGE_STANDARD = "gnu++14";
				CLANG_CXX_LIBRARY = "libc++";
				CLANG_ENABLE_MODULES = YES;
				CLANG_ENABLE_OBJC_ARC = YES;
				CLANG_ENABLE_OBJC_WEAK = YES;
				CLANG_WARN_BLOCK_CAPTURE_AUTORELEASING = YES;
				CLANG_WARN_BOOL_CONVERSION = YES;
				CLANG_WARN_COMMA = YES;
				CLANG_WARN_CONSTANT_CONVERSION = YES;
				CLANG_WARN_DEPRECATED_OBJC_IMPLEMENTATIONS = YES;
				CLANG_WARN_DIRECT_OBJC_ISA_USAGE = YES_ERROR;
				CLANG_WARN_DOCUMENTATION_COMMENTS = YES;
				CLANG_WARN_EMPTY_BODY = YES;
				CLANG_WARN_ENUM_CONVERSION = YES;
				CLANG_WARN_INFINITE_RECURSION = YES;
				CLANG_WARN_INT_CONVERSION = YES;
				CLANG_WARN_NON_LITERAL_NULL_CONVERSION = YES;
				CLANG_WARN_OBJC_IMPLICIT_RETAIN_SELF = YES;
				CLANG_WARN_OBJC_LITERAL_CONVERSION = YES;
				CLANG_WARN_OBJC_ROOT_CLASS = YES_ERROR;
				CLANG_WARN_RANGE_LOOP_ANALYSIS = YES;
				CLANG_WARN_STRICT_PROTOTYPES = YES;
				CLANG_WARN_SUSPICIOUS_MOVE = YES;
				CLANG_WARN_UNGUARDED_AVAILABILITY = YES_AGGRESSIVE;
				CLANG_WARN_UNREACHABLE_CODE = YES;
				CLANG_WARN__DUPLICATE_METHOD_MATCH = YES;
				CODE_SIGN_IDENTITY = "iPhone Developer";
				COPY_PHASE_STRIP = NO;
				CURRENT_PROJECT_VERSION = 1;
				DEBUG_INFORMATION_FORMAT = dwarf;
				ENABLE_STRICT_OBJC_MSGSEND = YES;
				ENABLE_TESTABILITY = YES;
				GCC_C_LANGUAGE_STANDARD = gnu11;
				GCC_DYNAMIC_NO_PIC = NO;
				GCC_NO_COMMON_BLOCKS = YES;
				GCC_OPTIMIZATION_LEVEL = 0;
				GCC_PREPROCESSOR_DEFINITIONS = (
					"DEBUG=1",
					"$(inherited)",
				);
				GCC_WARN_64_TO_32_BIT_CONVERSION = YES;
				GCC_WARN_ABOUT_RETURN_TYPE = YES_ERROR;
				GCC_WARN_UNDECLARED_SELECTOR = YES;
				GCC_WARN_UNINITIALIZED_AUTOS = YES_AGGRESSIVE;
				GCC_WARN_UNUSED_FUNCTION = YES;
				GCC_WARN_UNUSED_VARIABLE = YES;
				IPHONEOS_DEPLOYMENT_TARGET = 11.4;
				MTL_ENABLE_DEBUG_INFO = YES;
				ONLY_ACTIVE_ARCH = YES;
				SDKROOT = iphoneos;
				SWIFT_ACTIVE_COMPILATION_CONDITIONS = DEBUG;
				SWIFT_OPTIMIZATION_LEVEL = "-Onone";
				VERSIONING_SYSTEM = "apple-generic";
				VERSION_INFO_PREFIX = "";
			};
			name = Debug;
		};
		BD5A287A20CB50040061F0EE /* Release */ = {
			isa = XCBuildConfiguration;
			buildSettings = {
				ALWAYS_SEARCH_USER_PATHS = NO;
				CLANG_ANALYZER_NONNULL = YES;
				CLANG_ANALYZER_NUMBER_OBJECT_CONVERSION = YES_AGGRESSIVE;
				CLANG_CXX_LANGUAGE_STANDARD = "gnu++14";
				CLANG_CXX_LIBRARY = "libc++";
				CLANG_ENABLE_MODULES = YES;
				CLANG_ENABLE_OBJC_ARC = YES;
				CLANG_ENABLE_OBJC_WEAK = YES;
				CLANG_WARN_BLOCK_CAPTURE_AUTORELEASING = YES;
				CLANG_WARN_BOOL_CONVERSION = YES;
				CLANG_WARN_COMMA = YES;
				CLANG_WARN_CONSTANT_CONVERSION = YES;
				CLANG_WARN_DEPRECATED_OBJC_IMPLEMENTATIONS = YES;
				CLANG_WARN_DIRECT_OBJC_ISA_USAGE = YES_ERROR;
				CLANG_WARN_DOCUMENTATION_COMMENTS = YES;
				CLANG_WARN_EMPTY_BODY = YES;
				CLANG_WARN_ENUM_CONVERSION = YES;
				CLANG_WARN_INFINITE_RECURSION = YES;
				CLANG_WARN_INT_CONVERSION = YES;
				CLANG_WARN_NON_LITERAL_NULL_CONVERSION = YES;
				CLANG_WARN_OBJC_IMPLICIT_RETAIN_SELF = YES;
				CLANG_WARN_OBJC_LITERAL_CONVERSION = YES;
				CLANG_WARN_OBJC_ROOT_CLASS = YES_ERROR;
				CLANG_WARN_RANGE_LOOP_ANALYSIS = YES;
				CLANG_WARN_STRICT_PROTOTYPES = YES;
				CLANG_WARN_SUSPICIOUS_MOVE = YES;
				CLANG_WARN_UNGUARDED_AVAILABILITY = YES_AGGRESSIVE;
				CLANG_WARN_UNREACHABLE_CODE = YES;
				CLANG_WARN__DUPLICATE_METHOD_MATCH = YES;
				CODE_SIGN_IDENTITY = "iPhone Developer";
				COPY_PHASE_STRIP = NO;
				CURRENT_PROJECT_VERSION = 1;
				DEBUG_INFORMATION_FORMAT = "dwarf-with-dsym";
				ENABLE_NS_ASSERTIONS = NO;
				ENABLE_STRICT_OBJC_MSGSEND = YES;
				GCC_C_LANGUAGE_STANDARD = gnu11;
				GCC_NO_COMMON_BLOCKS = YES;
				GCC_WARN_64_TO_32_BIT_CONVERSION = YES;
				GCC_WARN_ABOUT_RETURN_TYPE = YES_ERROR;
				GCC_WARN_UNDECLARED_SELECTOR = YES;
				GCC_WARN_UNINITIALIZED_AUTOS = YES_AGGRESSIVE;
				GCC_WARN_UNUSED_FUNCTION = YES;
				GCC_WARN_UNUSED_VARIABLE = YES;
				IPHONEOS_DEPLOYMENT_TARGET = 11.4;
				MTL_ENABLE_DEBUG_INFO = NO;
				SDKROOT = iphoneos;
				SWIFT_COMPILATION_MODE = wholemodule;
				SWIFT_OPTIMIZATION_LEVEL = "-O";
				VALIDATE_PRODUCT = YES;
				VERSIONING_SYSTEM = "apple-generic";
				VERSION_INFO_PREFIX = "";
			};
			name = Release;
		};
		BD5A287C20CB50040061F0EE /* Debug */ = {
			isa = XCBuildConfiguration;
			buildSettings = {
				CLANG_ENABLE_MODULES = YES;
				CODE_SIGN_IDENTITY = "iPhone Developer";
				CODE_SIGN_STYLE = Automatic;
				DEFINES_MODULE = YES;
				DEVELOPMENT_TEAM = P3R8YQEV4L;
				DYLIB_COMPATIBILITY_VERSION = 1;
				DYLIB_CURRENT_VERSION = 1;
				DYLIB_INSTALL_NAME_BASE = "@rpath";
				INFOPLIST_FILE = Source/Info.plist;
				INSTALL_PATH = "$(LOCAL_LIBRARY_DIR)/Frameworks";
				IPHONEOS_DEPLOYMENT_TARGET = 9.0;
				LD_RUNPATH_SEARCH_PATHS = (
					"$(inherited)",
					"@executable_path/Frameworks",
					"@loader_path/Frameworks",
				);
				PRODUCT_BUNDLE_IDENTIFIER = runtime.io.McuManager;
				PRODUCT_NAME = "$(TARGET_NAME:c99extidentifier)";
				SKIP_INSTALL = YES;
				SWIFT_OBJC_BRIDGING_HEADER = "Source/McuManager-Bridging-Header.h";
				SWIFT_OPTIMIZATION_LEVEL = "-Onone";
				SWIFT_VERSION = 4.0;
				TARGETED_DEVICE_FAMILY = "1,2";
			};
			name = Debug;
		};
		BD5A287D20CB50040061F0EE /* Release */ = {
			isa = XCBuildConfiguration;
			buildSettings = {
				CLANG_ENABLE_MODULES = YES;
				CODE_SIGN_IDENTITY = "";
				CODE_SIGN_STYLE = Automatic;
				DEFINES_MODULE = YES;
				DEVELOPMENT_TEAM = P3R8YQEV4L;
				DYLIB_COMPATIBILITY_VERSION = 1;
				DYLIB_CURRENT_VERSION = 1;
				DYLIB_INSTALL_NAME_BASE = "@rpath";
				INFOPLIST_FILE = Source/Info.plist;
				INSTALL_PATH = "$(LOCAL_LIBRARY_DIR)/Frameworks";
				IPHONEOS_DEPLOYMENT_TARGET = 9.0;
				LD_RUNPATH_SEARCH_PATHS = (
					"$(inherited)",
					"@executable_path/Frameworks",
					"@loader_path/Frameworks",
				);
				PRODUCT_BUNDLE_IDENTIFIER = runtime.io.McuManager;
				PRODUCT_NAME = "$(TARGET_NAME:c99extidentifier)";
				SKIP_INSTALL = YES;
				SWIFT_OBJC_BRIDGING_HEADER = "Source/McuManager-Bridging-Header.h";
				SWIFT_VERSION = 4.0;
				TARGETED_DEVICE_FAMILY = "1,2";
			};
			name = Release;
		};
/* End XCBuildConfiguration section */

/* Begin XCConfigurationList section */
		BD5A286D20CB50040061F0EE /* Build configuration list for PBXProject "McuManager" */ = {
			isa = XCConfigurationList;
			buildConfigurations = (
				BD5A287920CB50040061F0EE /* Debug */,
				BD5A287A20CB50040061F0EE /* Release */,
			);
			defaultConfigurationIsVisible = 0;
			defaultConfigurationName = Release;
		};
		BD5A287B20CB50040061F0EE /* Build configuration list for PBXNativeTarget "McuManager" */ = {
			isa = XCConfigurationList;
			buildConfigurations = (
				BD5A287C20CB50040061F0EE /* Debug */,
				BD5A287D20CB50040061F0EE /* Release */,
			);
			defaultConfigurationIsVisible = 0;
			defaultConfigurationName = Release;
		};
/* End XCConfigurationList section */
	};
	rootObject = BD5A286A20CB50040061F0EE /* Project object */;
}
