{
  "originHash" : "26feaca78ee2e3ca1496b709feb0374b5557591eb5eaa04e5ededc76577b8558",
  "pins" : [
    {
      "identity" : "ios-ble-library",
      "kind" : "remoteSourceControl",
      "location" : "https://github.com/NordicSemiconductor/IOS-BLE-Library.git",
      "state" : {
        "branch" : "main",
        "revision" : "f610daf7cdb1b0e1a5eaac19917db906221b8102"
      }
    },
    {
      "identity" : "ios-common-libraries",
      "kind" : "remoteSourceControl",
      "location" : "https://github.com/NordicPlayground/IOS-Common-Libraries",
      "state" : {
        "branch" : "main",
        "revision" : "5c554c47e51dab07914d0320897f3db19daa38d7"
      }
    },
    {
      "identity" : "ios-corebluetooth-mock",
      "kind" : "remoteSourceControl",
      "location" : "https://github.com/NordicSemiconductor/IOS-CoreBluetooth-Mock.git",
      "state" : {
        "revision" : "13f09628c2de7f3fd5703516c4f5650e063ddb6c",
        "version" : "1.0.3"
      }
    },
    {
      "identity" : "swiftcbor",
      "kind" : "remoteSourceControl",
      "location" : "https://github.com/valpackett/SwiftCBOR.git",
      "state" : {
        "revision" : "04ccff117f6549121d5721ec84fdf0162122b90e",
        "version" : "0.5.0"
      }
    },
    {
      "identity" : "zipfoundation",
      "kind" : "remoteSourceControl",
      "location" : "https://github.com/weichsel/ZIPFoundation.git",
      "state" : {
        "revision" : "22787ffb59de99e5dc1fbfe80b19c97a904ad48d",
        "version" : "0.9.20"
      }
    }
  ],
  "version" : 3
}
