{
  "originHash" : "26feaca78ee2e3ca1496b709feb0374b5557591eb5eaa04e5ededc76577b8558",
  "pins" : [
    {
      "identity" : "ios-ble-library",
      "kind" : "remoteSourceControl",
      "location" : "https://github.com/NordicSemiconductor/IOS-BLE-Library.git",
      "state" : {
        "branch" : "main",
        "revision" : "e9e2c07701282f1e72be0321f9df5280adbd8583"
      }
    },
    {
      "identity" : "ios-corebluetooth-mock",
      "kind" : "remoteSourceControl",
      "location" : "https://github.com/NordicSemiconductor/IOS-CoreBluetooth-Mock.git",
      "state" : {
        "revision" : "d1e0321027728da6edf5b974cf113524bad2034a",
        "version" : "1.0.1"
      }
    },
    {
      "identity" : "swiftcbor",
      "kind" : "remoteSourceControl",
      "location" : "https://github.com/valpackett/SwiftCBOR.git",
      "state" : {
        "revision" : "418dab41b09a5da0d45d7b788c59085979ff4dae",
        "version" : "0.4.7"
      }
    },
    {
      "identity" : "zipfoundation",
      "kind" : "remoteSourceControl",
      "location" : "https://github.com/weichsel/ZIPFoundation.git",
      "state" : {
        "revision" : "02b6abe5f6eef7e3cbd5f247c5cc24e246efcfe0",
        "version" : "0.9.19"
      }
    }
  ],
  "version" : 3
}
